
Microsoft Visual Studio Solution File, Format Version 12.00
# Visual Studio 15
VisualStudioVersion = 15.0.28307.902
MinimumVisualStudioVersion = 10.0.40219.1
Project("{8BC9CEB8-8B4A-11D0-8D11-00A0C91BC942}") = "FirstSteps", "FirstSteps\FirstSteps.vcxproj", "{B7804E2A-F13E-43F6-A6B0-7A4C46CC1CCD}"
EndProject
Global
	GlobalSection(SolutionConfigurationPlatforms) = preSolution
		Debug|x64 = Debug|x64
		Debug|x86 = Debug|x86
		Release|x64 = Release|x64
		Release|x86 = Release|x86
	EndGlobalSection
	GlobalSection(ProjectConfigurationPlatforms) = postSolution
		{B7804E2A-F13E-43F6-A6B0-7A4C46CC1CCD}.Debug|x64.ActiveCfg = Debug|x64
		{B7804E2A-F13E-43F6-A6B0-7A4C46CC1CCD}.Debug|x64.Build.0 = Debug|x64
		{B7804E2A-F13E-43F6-A6B0-7A4C46CC1CCD}.Debug|x86.ActiveCfg = Debug|Win32
		{B7804E2A-F13E-43F6-A6B0-7A4C46CC1CCD}.Debug|x86.Build.0 = Debug|Win32
		{B7804E2A-F13E-43F6-A6B0-7A4C46CC1CCD}.Release|x64.ActiveCfg = Release|x64
		{B7804E2A-F13E-43F6-A6B0-7A4C46CC1CCD}.Release|x64.Build.0 = Release|x64
		{B7804E2A-F13E-43F6-A6B0-7A4C46CC1CCD}.Release|x86.ActiveCfg = Release|Win32
		{B7804E2A-F13E-43F6-A6B0-7A4C46CC1CCD}.Release|x86.Build.0 = Release|Win32
	EndGlobalSection
	GlobalSection(SolutionProperties) = preSolution
		HideSolutionNode = FALSE
	EndGlobalSection
	GlobalSection(ExtensibilityGlobals) = postSolution
		SolutionGuid = {B7972036-5199-471E-862F-538C6F048B0B}
	EndGlobalSection
EndGlobal
